// !$*UTF8*$!
{
	archiveVersion = 1;
	classes = {
	};
	objectVersion = 48;
	objects = {

/* Begin PBXBuildFile section */
		EA1BD4231F7FBB070014CEE2 /* option.cpp in Sources */ = {isa = PBXBuildFile; fileRef = EA1BD4221F7FBB070014CEE2 /* option.cpp */; };
		EA6419531F80AE5500797687 /* binary_option.cpp in Sources */ = {isa = PBXBuildFile; fileRef = EA6419521F80AE5500797687 /* binary_option.cpp */; };
		EA6419561F80B33400797687 /* option_portfolio.cpp in Sources */ = {isa = PBXBuildFile; fileRef = EA6419551F80B33400797687 /* option_portfolio.cpp */; };
		EA6FE6591F77EE7700B82CC1 /* yield_termstructure.cpp in Sources */ = {isa = PBXBuildFile; fileRef = EA6FE6581F77EE7700B82CC1 /* yield_termstructure.cpp */; };
		EAE304071F77DD680005F689 /* main.cpp in Sources */ = {isa = PBXBuildFile; fileRef = EAE304061F77DD680005F689 /* main.cpp */; };
		EAE3040E1F77DDC50005F689 /* date.cpp in Sources */ = {isa = PBXBuildFile; fileRef = EAE3040D1F77DDC50005F689 /* date.cpp */; };
		EAE304141F77E6530005F689 /* plainvanilla_option.cpp in Sources */ = {isa = PBXBuildFile; fileRef = EAE304131F77E6530005F689 /* plainvanilla_option.cpp */; };
		EAE304181F77E8350005F689 /* normal.cpp in Sources */ = {isa = PBXBuildFile; fileRef = EAE304171F77E8340005F689 /* normal.cpp */; };
/* End PBXBuildFile section */

/* Begin PBXCopyFilesBuildPhase section */
		EAE304011F77DD680005F689 /* CopyFiles */ = {
			isa = PBXCopyFilesBuildPhase;
			buildActionMask = 2147483647;
			dstPath = /usr/share/man/man1/;
			dstSubfolderSpec = 0;
			files = (
			);
			runOnlyForDeploymentPostprocessing = 1;
		};
/* End PBXCopyFilesBuildPhase section */

/* Begin PBXFileReference section */
		EA1BD4211F7FBAFF0014CEE2 /* option.h */ = {isa = PBXFileReference; lastKnownFileType = sourcecode.c.h; path = option.h; sourceTree = "<group>"; };
		EA1BD4221F7FBB070014CEE2 /* option.cpp */ = {isa = PBXFileReference; lastKnownFileType = sourcecode.cpp.cpp; path = option.cpp; sourceTree = "<group>"; };
		EA6419521F80AE5500797687 /* binary_option.cpp */ = {isa = PBXFileReference; lastKnownFileType = sourcecode.cpp.cpp; path = binary_option.cpp; sourceTree = "<group>"; };
		EA6419541F80AE5E00797687 /* binary_option.h */ = {isa = PBXFileReference; lastKnownFileType = sourcecode.c.h; path = binary_option.h; sourceTree = "<group>"; };
		EA6419551F80B33400797687 /* option_portfolio.cpp */ = {isa = PBXFileReference; lastKnownFileType = sourcecode.cpp.cpp; path = option_portfolio.cpp; sourceTree = "<group>"; };
		EA6419571F80B33C00797687 /* option_portfolio.h */ = {isa = PBXFileReference; lastKnownFileType = sourcecode.c.h; path = option_portfolio.h; sourceTree = "<group>"; };
		EA667CEA1F9A0ED2005DE28A /* payoff.h */ = {isa = PBXFileReference; lastKnownFileType = sourcecode.c.h; path = payoff.h; sourceTree = "<group>"; };
		EA6FE6571F77EE6500B82CC1 /* yield_termstructure.h */ = {isa = PBXFileReference; lastKnownFileType = sourcecode.c.h; path = yield_termstructure.h; sourceTree = "<group>"; };
		EA6FE6581F77EE7700B82CC1 /* yield_termstructure.cpp */ = {isa = PBXFileReference; lastKnownFileType = sourcecode.cpp.cpp; path = yield_termstructure.cpp; sourceTree = "<group>"; };
		EAE304031F77DD680005F689 /* HW1 */ = {isa = PBXFileReference; explicitFileType = "compiled.mach-o.executable"; includeInIndex = 0; path = HW1; sourceTree = BUILT_PRODUCTS_DIR; };
		EAE304061F77DD680005F689 /* main.cpp */ = {isa = PBXFileReference; lastKnownFileType = sourcecode.cpp.cpp; path = main.cpp; sourceTree = "<group>"; };
		EAE3040D1F77DDC50005F689 /* date.cpp */ = {isa = PBXFileReference; lastKnownFileType = sourcecode.cpp.cpp; path = date.cpp; sourceTree = "<group>"; };
		EAE3040F1F77DDCB0005F689 /* date.h */ = {isa = PBXFileReference; explicitFileType = sourcecode.cpp.h; path = date.h; sourceTree = "<group>"; };
		EAE304101F77E42F0005F689 /* gbmprocess.h */ = {isa = PBXFileReference; explicitFileType = sourcecode.cpp.h; path = gbmprocess.h; sourceTree = "<group>"; };
		EAE304131F77E6530005F689 /* plainvanilla_option.cpp */ = {isa = PBXFileReference; lastKnownFileType = sourcecode.cpp.cpp; path = plainvanilla_option.cpp; sourceTree = "<group>"; };
		EAE304151F77E65B0005F689 /* plainvanilla_option.h */ = {isa = PBXFileReference; lastKnownFileType = sourcecode.c.h; path = plainvanilla_option.h; sourceTree = "<group>"; };
		EAE304161F77E8340005F689 /* normal.h */ = {isa = PBXFileReference; fileEncoding = 4; lastKnownFileType = sourcecode.c.h; path = normal.h; sourceTree = "<group>"; };
		EAE304171F77E8340005F689 /* normal.cpp */ = {isa = PBXFileReference; fileEncoding = 4; lastKnownFileType = sourcecode.cpp.cpp; path = normal.cpp; sourceTree = "<group>"; };
/* End PBXFileReference section */

/* Begin PBXFrameworksBuildPhase section */
		EAE304001F77DD680005F689 /* Frameworks */ = {
			isa = PBXFrameworksBuildPhase;
			buildActionMask = 2147483647;
			files = (
			);
			runOnlyForDeploymentPostprocessing = 0;
		};
/* End PBXFrameworksBuildPhase section */

/* Begin PBXGroup section */
		EAE303FA1F77DD680005F689 = {
			isa = PBXGroup;
			children = (
				EAE304051F77DD680005F689 /* HW1 */,
				EAE304041F77DD680005F689 /* Products */,
			);
			sourceTree = "<group>";
		};
		EAE304041F77DD680005F689 /* Products */ = {
			isa = PBXGroup;
			children = (
				EAE304031F77DD680005F689 /* HW1 */,
			);
			name = Products;
			sourceTree = "<group>";
		};
		EAE304051F77DD680005F689 /* HW1 */ = {
			isa = PBXGroup;
			children = (
				EAE304061F77DD680005F689 /* main.cpp */,
				EAE3040D1F77DDC50005F689 /* date.cpp */,
				EAE3040F1F77DDCB0005F689 /* date.h */,
				EAE304101F77E42F0005F689 /* gbmprocess.h */,
				EA1BD4211F7FBAFF0014CEE2 /* option.h */,
				EA1BD4221F7FBB070014CEE2 /* option.cpp */,
				EAE304131F77E6530005F689 /* plainvanilla_option.cpp */,
				EA667CEA1F9A0ED2005DE28A /* payoff.h */,
				EAE304151F77E65B0005F689 /* plainvanilla_option.h */,
				EA6419521F80AE5500797687 /* binary_option.cpp */,
				EA6419541F80AE5E00797687 /* binary_option.h */,
				EAE304171F77E8340005F689 /* normal.cpp */,
				EAE304161F77E8340005F689 /* normal.h */,
				EA6FE6571F77EE6500B82CC1 /* yield_termstructure.h */,
				EA6FE6581F77EE7700B82CC1 /* yield_termstructure.cpp */,
				EA6419551F80B33400797687 /* option_portfolio.cpp */,
				EA6419571F80B33C00797687 /* option_portfolio.h */,
			);
			path = HW1;
			sourceTree = "<group>";
		};
/* End PBXGroup section */

/* Begin PBXNativeTarget section */
		EAE304021F77DD680005F689 /* HW1 */ = {
			isa = PBXNativeTarget;
			buildConfigurationList = EAE3040A1F77DD680005F689 /* Build configuration list for PBXNativeTarget "HW1" */;
			buildPhases = (
				EAE303FF1F77DD680005F689 /* Sources */,
				EAE304001F77DD680005F689 /* Frameworks */,
				EAE304011F77DD680005F689 /* CopyFiles */,
			);
			buildRules = (
			);
			dependencies = (
			);
			name = HW1;
			productName = HW1;
			productReference = EAE304031F77DD680005F689 /* HW1 */;
			productType = "com.apple.product-type.tool";
		};
/* End PBXNativeTarget section */

/* Begin PBXProject section */
		EAE303FB1F77DD680005F689 /* Project object */ = {
			isa = PBXProject;
			attributes = {
				LastUpgradeCheck = 0900;
				ORGANIZATIONNAME = "박완배";
				TargetAttributes = {
					EAE304021F77DD680005F689 = {
						CreatedOnToolsVersion = 9.0;
						ProvisioningStyle = Automatic;
					};
				};
			};
			buildConfigurationList = EAE303FE1F77DD680005F689 /* Build configuration list for PBXProject "HW1" */;
			compatibilityVersion = "Xcode 8.0";
			developmentRegion = en;
			hasScannedForEncodings = 0;
			knownRegions = (
				en,
			);
			mainGroup = EAE303FA1F77DD680005F689;
			productRefGroup = EAE304041F77DD680005F689 /* Products */;
			projectDirPath = "";
			projectRoot = "";
			targets = (
				EAE304021F77DD680005F689 /* HW1 */,
			);
		};
/* End PBXProject section */

/* Begin PBXSourcesBuildPhase section */
		EAE303FF1F77DD680005F689 /* Sources */ = {
			isa = PBXSourcesBuildPhase;
			buildActionMask = 2147483647;
			files = (
				EAE304181F77E8350005F689 /* normal.cpp in Sources */,
				EAE304071F77DD680005F689 /* main.cpp in Sources */,
				EA6419531F80AE5500797687 /* binary_option.cpp in Sources */,
				EA6419561F80B33400797687 /* option_portfolio.cpp in Sources */,
				EA1BD4231F7FBB070014CEE2 /* option.cpp in Sources */,
				EA6FE6591F77EE7700B82CC1 /* yield_termstructure.cpp in Sources */,
				EAE304141F77E6530005F689 /* plainvanilla_option.cpp in Sources */,
				EAE3040E1F77DDC50005F689 /* date.cpp in Sources */,
			);
			runOnlyForDeploymentPostprocessing = 0;
		};
/* End PBXSourcesBuildPhase section */

/* Begin XCBuildConfiguration section */
		EAE304081F77DD680005F689 /* Debug */ = {
			isa = XCBuildConfiguration;
			buildSettings = {
				ALWAYS_SEARCH_USER_PATHS = NO;
				CLANG_ANALYZER_NONNULL = YES;
				CLANG_ANALYZER_NUMBER_OBJECT_CONVERSION = YES_AGGRESSIVE;
				CLANG_CXX_LANGUAGE_STANDARD = "gnu++14";
				CLANG_CXX_LIBRARY = "libc++";
				CLANG_ENABLE_MODULES = YES;
				CLANG_ENABLE_OBJC_ARC = YES;
				CLANG_WARN_BLOCK_CAPTURE_AUTORELEASING = YES;
				CLANG_WARN_BOOL_CONVERSION = YES;
				CLANG_WARN_COMMA = YES;
				CLANG_WARN_CONSTANT_CONVERSION = YES;
				CLANG_WARN_DIRECT_OBJC_ISA_USAGE = YES_ERROR;
				CLANG_WARN_DOCUMENTATION_COMMENTS = YES;
				CLANG_WARN_EMPTY_BODY = YES;
				CLANG_WARN_ENUM_CONVERSION = YES;
				CLANG_WARN_INFINITE_RECURSION = YES;
				CLANG_WARN_INT_CONVERSION = YES;
				CLANG_WARN_NON_LITERAL_NULL_CONVERSION = YES;
				CLANG_WARN_OBJC_LITERAL_CONVERSION = YES;
				CLANG_WARN_OBJC_ROOT_CLASS = YES_ERROR;
				CLANG_WARN_RANGE_LOOP_ANALYSIS = YES;
				CLANG_WARN_STRICT_PROTOTYPES = YES;
				CLANG_WARN_SUSPICIOUS_MOVE = YES;
				CLANG_WARN_UNGUARDED_AVAILABILITY = YES_AGGRESSIVE;
				CLANG_WARN_UNREACHABLE_CODE = YES;
				CLANG_WARN__DUPLICATE_METHOD_MATCH = YES;
				CODE_SIGN_IDENTITY = "-";
				COPY_PHASE_STRIP = NO;
				DEBUG_INFORMATION_FORMAT = dwarf;
				ENABLE_STRICT_OBJC_MSGSEND = YES;
				ENABLE_TESTABILITY = YES;
				GCC_C_LANGUAGE_STANDARD = gnu11;
				GCC_DYNAMIC_NO_PIC = NO;
				GCC_NO_COMMON_BLOCKS = YES;
				GCC_OPTIMIZATION_LEVEL = 0;
				GCC_PREPROCESSOR_DEFINITIONS = (
					"DEBUG=1",
					"$(inherited)",
				);
				GCC_WARN_64_TO_32_BIT_CONVERSION = YES;
				GCC_WARN_ABOUT_RETURN_TYPE = YES_ERROR;
				GCC_WARN_UNDECLARED_SELECTOR = YES;
				GCC_WARN_UNINITIALIZED_AUTOS = YES_AGGRESSIVE;
				GCC_WARN_UNUSED_FUNCTION = YES;
				GCC_WARN_UNUSED_VARIABLE = YES;
				MACOSX_DEPLOYMENT_TARGET = 10.12;
				MTL_ENABLE_DEBUG_INFO = YES;
				ONLY_ACTIVE_ARCH = YES;
				SDKROOT = macosx;
			};
			name = Debug;
		};
		EAE304091F77DD680005F689 /* Release */ = {
			isa = XCBuildConfiguration;
			buildSettings = {
				ALWAYS_SEARCH_USER_PATHS = NO;
				CLANG_ANALYZER_NONNULL = YES;
				CLANG_ANALYZER_NUMBER_OBJECT_CONVERSION = YES_AGGRESSIVE;
				CLANG_CXX_LANGUAGE_STANDARD = "gnu++14";
				CLANG_CXX_LIBRARY = "libc++";
				CLANG_ENABLE_MODULES = YES;
				CLANG_ENABLE_OBJC_ARC = YES;
				CLANG_WARN_BLOCK_CAPTURE_AUTORELEASING = YES;
				CLANG_WARN_BOOL_CONVERSION = YES;
				CLANG_WARN_COMMA = YES;
				CLANG_WARN_CONSTANT_CONVERSION = YES;
				CLANG_WARN_DIRECT_OBJC_ISA_USAGE = YES_ERROR;
				CLANG_WARN_DOCUMENTATION_COMMENTS = YES;
				CLANG_WARN_EMPTY_BODY = YES;
				CLANG_WARN_ENUM_CONVERSION = YES;
				CLANG_WARN_INFINITE_RECURSION = YES;
				CLANG_WARN_INT_CONVERSION = YES;
				CLANG_WARN_NON_LITERAL_NULL_CONVERSION = YES;
				CLANG_WARN_OBJC_LITERAL_CONVERSION = YES;
				CLANG_WARN_OBJC_ROOT_CLASS = YES_ERROR;
				CLANG_WARN_RANGE_LOOP_ANALYSIS = YES;
				CLANG_WARN_STRICT_PROTOTYPES = YES;
				CLANG_WARN_SUSPICIOUS_MOVE = YES;
				CLANG_WARN_UNGUARDED_AVAILABILITY = YES_AGGRESSIVE;
				CLANG_WARN_UNREACHABLE_CODE = YES;
				CLANG_WARN__DUPLICATE_METHOD_MATCH = YES;
				CODE_SIGN_IDENTITY = "-";
				COPY_PHASE_STRIP = NO;
				DEBUG_INFORMATION_FORMAT = "dwarf-with-dsym";
				ENABLE_NS_ASSERTIONS = NO;
				ENABLE_STRICT_OBJC_MSGSEND = YES;
				GCC_C_LANGUAGE_STANDARD = gnu11;
				GCC_NO_COMMON_BLOCKS = YES;
				GCC_WARN_64_TO_32_BIT_CONVERSION = YES;
				GCC_WARN_ABOUT_RETURN_TYPE = YES_ERROR;
				GCC_WARN_UNDECLARED_SELECTOR = YES;
				GCC_WARN_UNINITIALIZED_AUTOS = YES_AGGRESSIVE;
				GCC_WARN_UNUSED_FUNCTION = YES;
				GCC_WARN_UNUSED_VARIABLE = YES;
				MACOSX_DEPLOYMENT_TARGET = 10.12;
				MTL_ENABLE_DEBUG_INFO = NO;
				SDKROOT = macosx;
			};
			name = Release;
		};
		EAE3040B1F77DD680005F689 /* Debug */ = {
			isa = XCBuildConfiguration;
			buildSettings = {
				CLANG_CXX_LANGUAGE_STANDARD = "c++14";
				CODE_SIGN_STYLE = Automatic;
				PRODUCT_NAME = "$(TARGET_NAME)";
			};
			name = Debug;
		};
		EAE3040C1F77DD680005F689 /* Release */ = {
			isa = XCBuildConfiguration;
			buildSettings = {
				CLANG_CXX_LANGUAGE_STANDARD = "c++14";
				CODE_SIGN_STYLE = Automatic;
				PRODUCT_NAME = "$(TARGET_NAME)";
			};
			name = Release;
		};
/* End XCBuildConfiguration section */

/* Begin XCConfigurationList section */
		EAE303FE1F77DD680005F689 /* Build configuration list for PBXProject "HW1" */ = {
			isa = XCConfigurationList;
			buildConfigurations = (
				EAE304081F77DD680005F689 /* Debug */,
				EAE304091F77DD680005F689 /* Release */,
			);
			defaultConfigurationIsVisible = 0;
			defaultConfigurationName = Release;
		};
		EAE3040A1F77DD680005F689 /* Build configuration list for PBXNativeTarget "HW1" */ = {
			isa = XCConfigurationList;
			buildConfigurations = (
				EAE3040B1F77DD680005F689 /* Debug */,
				EAE3040C1F77DD680005F689 /* Release */,
			);
			defaultConfigurationIsVisible = 0;
			defaultConfigurationName = Release;
		};
/* End XCConfigurationList section */
	};
	rootObject = EAE303FB1F77DD680005F689 /* Project object */;
}
