// !$*UTF8*$!
{
	archiveVersion = 1;
	classes = {
	};
	objectVersion = 46;
	objects = {

/* Begin PBXBuildFile section */
		EA5535371F73DA13003DBFB3 /* option.cpp in Sources */ = {isa = PBXBuildFile; fileRef = EA5535351F73DA13003DBFB3 /* option.cpp */; };
		EAC2BD841F6AA057003A611B /* mc_blackscholes.cpp in Sources */ = {isa = PBXBuildFile; fileRef = EAC2BD821F6AA057003A611B /* mc_blackscholes.cpp */; };
		EAC2BD871F6AA06D003A611B /* bnt_blackscholes.cpp in Sources */ = {isa = PBXBuildFile; fileRef = EAC2BD851F6AA06D003A611B /* bnt_blackscholes.cpp */; };
		EAF09A5E1F56C59A006D0B71 /* main.cpp in Sources */ = {isa = PBXBuildFile; fileRef = EAF09A5D1F56C59A006D0B71 /* main.cpp */; };
		EAF79BE51F73D1160040AD36 /* date.cpp in Sources */ = {isa = PBXBuildFile; fileRef = EAF79BE31F73D1160040AD36 /* date.cpp */; };
		EAFD28711F6168D300F7BAF2 /* analytic_blackscholes.cpp in Sources */ = {isa = PBXBuildFile; fileRef = EAFD286F1F6168D300F7BAF2 /* analytic_blackscholes.cpp */; };
		EAFD28741F616AA100F7BAF2 /* normal.cpp in Sources */ = {isa = PBXBuildFile; fileRef = EAFD28731F616AA100F7BAF2 /* normal.cpp */; };
/* End PBXBuildFile section */

/* Begin PBXCopyFilesBuildPhase section */
		EAF09A581F56C59A006D0B71 /* CopyFiles */ = {
			isa = PBXCopyFilesBuildPhase;
			buildActionMask = 2147483647;
			dstPath = /usr/share/man/man1/;
			dstSubfolderSpec = 0;
			files = (
			);
			runOnlyForDeploymentPostprocessing = 1;
		};
/* End PBXCopyFilesBuildPhase section */

/* Begin PBXFileReference section */
		EA5535351F73DA13003DBFB3 /* option.cpp */ = {isa = PBXFileReference; fileEncoding = 4; lastKnownFileType = sourcecode.cpp.cpp; path = option.cpp; sourceTree = "<group>"; };
		EA5535361F73DA13003DBFB3 /* option.hpp */ = {isa = PBXFileReference; fileEncoding = 4; lastKnownFileType = sourcecode.cpp.h; path = option.hpp; sourceTree = "<group>"; };
		EAC2BD821F6AA057003A611B /* mc_blackscholes.cpp */ = {isa = PBXFileReference; fileEncoding = 4; lastKnownFileType = sourcecode.cpp.cpp; path = mc_blackscholes.cpp; sourceTree = "<group>"; };
		EAC2BD831F6AA057003A611B /* mc_blackscholes.hpp */ = {isa = PBXFileReference; fileEncoding = 4; lastKnownFileType = sourcecode.cpp.h; path = mc_blackscholes.hpp; sourceTree = "<group>"; };
		EAC2BD851F6AA06D003A611B /* bnt_blackscholes.cpp */ = {isa = PBXFileReference; fileEncoding = 4; lastKnownFileType = sourcecode.cpp.cpp; path = bnt_blackscholes.cpp; sourceTree = "<group>"; };
		EAC2BD861F6AA06D003A611B /* bnt_blackscholes.hpp */ = {isa = PBXFileReference; fileEncoding = 4; lastKnownFileType = sourcecode.cpp.h; path = bnt_blackscholes.hpp; sourceTree = "<group>"; };
		EAF09A5A1F56C59A006D0B71 /* FEProgramming2 */ = {isa = PBXFileReference; explicitFileType = "compiled.mach-o.executable"; includeInIndex = 0; path = FEProgramming2; sourceTree = BUILT_PRODUCTS_DIR; };
		EAF09A5D1F56C59A006D0B71 /* main.cpp */ = {isa = PBXFileReference; lastKnownFileType = sourcecode.cpp.cpp; lineEnding = 0; path = main.cpp; sourceTree = "<group>"; };
		EAF79BE31F73D1160040AD36 /* date.cpp */ = {isa = PBXFileReference; fileEncoding = 4; lastKnownFileType = sourcecode.cpp.cpp; path = date.cpp; sourceTree = "<group>"; };
		EAF79BE41F73D1160040AD36 /* date.hpp */ = {isa = PBXFileReference; fileEncoding = 4; lastKnownFileType = sourcecode.cpp.h; path = date.hpp; sourceTree = "<group>"; };
		EAFD286F1F6168D300F7BAF2 /* analytic_blackscholes.cpp */ = {isa = PBXFileReference; fileEncoding = 4; lastKnownFileType = sourcecode.cpp.cpp; path = analytic_blackscholes.cpp; sourceTree = "<group>"; };
		EAFD28701F6168D300F7BAF2 /* analytic_blackscholes.hpp */ = {isa = PBXFileReference; fileEncoding = 4; lastKnownFileType = sourcecode.cpp.h; path = analytic_blackscholes.hpp; sourceTree = "<group>"; };
		EAFD28721F616AA100F7BAF2 /* normal.h */ = {isa = PBXFileReference; fileEncoding = 4; lastKnownFileType = sourcecode.c.h; path = normal.h; sourceTree = "<group>"; };
		EAFD28731F616AA100F7BAF2 /* normal.cpp */ = {isa = PBXFileReference; fileEncoding = 4; lastKnownFileType = sourcecode.cpp.cpp; path = normal.cpp; sourceTree = "<group>"; };
/* End PBXFileReference section */

/* Begin PBXFrameworksBuildPhase section */
		EAF09A571F56C59A006D0B71 /* Frameworks */ = {
			isa = PBXFrameworksBuildPhase;
			buildActionMask = 2147483647;
			files = (
			);
			runOnlyForDeploymentPostprocessing = 0;
		};
/* End PBXFrameworksBuildPhase section */

/* Begin PBXGroup section */
		EAF09A511F56C59A006D0B71 = {
			isa = PBXGroup;
			children = (
				EAF09A5C1F56C59A006D0B71 /* FEProgramming2 */,
				EAF09A5B1F56C59A006D0B71 /* Products */,
			);
			sourceTree = "<group>";
		};
		EAF09A5B1F56C59A006D0B71 /* Products */ = {
			isa = PBXGroup;
			children = (
				EAF09A5A1F56C59A006D0B71 /* FEProgramming2 */,
			);
			name = Products;
			sourceTree = "<group>";
		};
		EAF09A5C1F56C59A006D0B71 /* FEProgramming2 */ = {
			isa = PBXGroup;
			children = (
				EAF09A5D1F56C59A006D0B71 /* main.cpp */,
				EAFD28721F616AA100F7BAF2 /* normal.h */,
				EAFD28731F616AA100F7BAF2 /* normal.cpp */,
				EAFD286F1F6168D300F7BAF2 /* analytic_blackscholes.cpp */,
				EAFD28701F6168D300F7BAF2 /* analytic_blackscholes.hpp */,
				EAC2BD821F6AA057003A611B /* mc_blackscholes.cpp */,
				EAC2BD831F6AA057003A611B /* mc_blackscholes.hpp */,
				EAC2BD851F6AA06D003A611B /* bnt_blackscholes.cpp */,
				EAC2BD861F6AA06D003A611B /* bnt_blackscholes.hpp */,
				EAF79BE31F73D1160040AD36 /* date.cpp */,
				EAF79BE41F73D1160040AD36 /* date.hpp */,
				EA5535351F73DA13003DBFB3 /* option.cpp */,
				EA5535361F73DA13003DBFB3 /* option.hpp */,
			);
			path = FEProgramming2;
			sourceTree = "<group>";
		};
/* End PBXGroup section */

/* Begin PBXNativeTarget section */
		EAF09A591F56C59A006D0B71 /* FEProgramming2 */ = {
			isa = PBXNativeTarget;
			buildConfigurationList = EAF09A611F56C59A006D0B71 /* Build configuration list for PBXNativeTarget "FEProgramming2" */;
			buildPhases = (
				EAF09A561F56C59A006D0B71 /* Sources */,
				EAF09A571F56C59A006D0B71 /* Frameworks */,
				EAF09A581F56C59A006D0B71 /* CopyFiles */,
			);
			buildRules = (
			);
			dependencies = (
			);
			name = FEProgramming2;
			productName = FEProgramming2;
			productReference = EAF09A5A1F56C59A006D0B71 /* FEProgramming2 */;
			productType = "com.apple.product-type.tool";
		};
/* End PBXNativeTarget section */

/* Begin PBXProject section */
		EAF09A521F56C59A006D0B71 /* Project object */ = {
			isa = PBXProject;
			attributes = {
				LastUpgradeCheck = 0900;
				ORGANIZATIONNAME = "박완배";
				TargetAttributes = {
					EAF09A591F56C59A006D0B71 = {
						CreatedOnToolsVersion = 8.3.3;
						ProvisioningStyle = Automatic;
					};
				};
			};
			buildConfigurationList = EAF09A551F56C59A006D0B71 /* Build configuration list for PBXProject "FEProgramming2" */;
			compatibilityVersion = "Xcode 3.2";
			developmentRegion = English;
			hasScannedForEncodings = 0;
			knownRegions = (
				en,
			);
			mainGroup = EAF09A511F56C59A006D0B71;
			productRefGroup = EAF09A5B1F56C59A006D0B71 /* Products */;
			projectDirPath = "";
			projectRoot = "";
			targets = (
				EAF09A591F56C59A006D0B71 /* FEProgramming2 */,
			);
		};
/* End PBXProject section */

/* Begin PBXSourcesBuildPhase section */
		EAF09A561F56C59A006D0B71 /* Sources */ = {
			isa = PBXSourcesBuildPhase;
			buildActionMask = 2147483647;
			files = (
				EAFD28741F616AA100F7BAF2 /* normal.cpp in Sources */,
				EAC2BD841F6AA057003A611B /* mc_blackscholes.cpp in Sources */,
				EAFD28711F6168D300F7BAF2 /* analytic_blackscholes.cpp in Sources */,
				EA5535371F73DA13003DBFB3 /* option.cpp in Sources */,
				EAF79BE51F73D1160040AD36 /* date.cpp in Sources */,
				EAC2BD871F6AA06D003A611B /* bnt_blackscholes.cpp in Sources */,
				EAF09A5E1F56C59A006D0B71 /* main.cpp in Sources */,
			);
			runOnlyForDeploymentPostprocessing = 0;
		};
/* End PBXSourcesBuildPhase section */

/* Begin XCBuildConfiguration section */
		EAF09A5F1F56C59A006D0B71 /* Debug */ = {
			isa = XCBuildConfiguration;
			buildSettings = {
				ALWAYS_SEARCH_USER_PATHS = NO;
				CLANG_ANALYZER_NONNULL = YES;
				CLANG_ANALYZER_NUMBER_OBJECT_CONVERSION = YES_AGGRESSIVE;
				CLANG_CXX_LANGUAGE_STANDARD = "gnu++0x";
				CLANG_CXX_LIBRARY = "libc++";
				CLANG_ENABLE_MODULES = YES;
				CLANG_ENABLE_OBJC_ARC = YES;
				CLANG_WARN_BLOCK_CAPTURE_AUTORELEASING = YES;
				CLANG_WARN_BOOL_CONVERSION = YES;
				CLANG_WARN_COMMA = YES;
				CLANG_WARN_CONSTANT_CONVERSION = YES;
				CLANG_WARN_DIRECT_OBJC_ISA_USAGE = YES_ERROR;
				CLANG_WARN_DOCUMENTATION_COMMENTS = YES;
				CLANG_WARN_EMPTY_BODY = YES;
				CLANG_WARN_ENUM_CONVERSION = YES;
				CLANG_WARN_INFINITE_RECURSION = YES;
				CLANG_WARN_INT_CONVERSION = YES;
				CLANG_WARN_NON_LITERAL_NULL_CONVERSION = YES;
				CLANG_WARN_OBJC_LITERAL_CONVERSION = YES;
				CLANG_WARN_OBJC_ROOT_CLASS = YES_ERROR;
				CLANG_WARN_RANGE_LOOP_ANALYSIS = YES;
				CLANG_WARN_STRICT_PROTOTYPES = YES;
				CLANG_WARN_SUSPICIOUS_MOVE = YES;
				CLANG_WARN_UNREACHABLE_CODE = YES;
				CLANG_WARN__DUPLICATE_METHOD_MATCH = YES;
				CODE_SIGN_IDENTITY = "-";
				COPY_PHASE_STRIP = NO;
				DEBUG_INFORMATION_FORMAT = dwarf;
				ENABLE_STRICT_OBJC_MSGSEND = YES;
				ENABLE_TESTABILITY = YES;
				GCC_C_LANGUAGE_STANDARD = gnu99;
				GCC_DYNAMIC_NO_PIC = NO;
				GCC_NO_COMMON_BLOCKS = YES;
				GCC_OPTIMIZATION_LEVEL = 0;
				GCC_PREPROCESSOR_DEFINITIONS = (
					"DEBUG=1",
					"$(inherited)",
				);
				GCC_WARN_64_TO_32_BIT_CONVERSION = YES;
				GCC_WARN_ABOUT_RETURN_TYPE = YES_ERROR;
				GCC_WARN_UNDECLARED_SELECTOR = YES;
				GCC_WARN_UNINITIALIZED_AUTOS = YES_AGGRESSIVE;
				GCC_WARN_UNUSED_FUNCTION = YES;
				GCC_WARN_UNUSED_VARIABLE = YES;
				MACOSX_DEPLOYMENT_TARGET = 10.12;
				MTL_ENABLE_DEBUG_INFO = YES;
				ONLY_ACTIVE_ARCH = YES;
				SDKROOT = macosx;
			};
			name = Debug;
		};
		EAF09A601F56C59A006D0B71 /* Release */ = {
			isa = XCBuildConfiguration;
			buildSettings = {
				ALWAYS_SEARCH_USER_PATHS = NO;
				CLANG_ANALYZER_NONNULL = YES;
				CLANG_ANALYZER_NUMBER_OBJECT_CONVERSION = YES_AGGRESSIVE;
				CLANG_CXX_LANGUAGE_STANDARD = "gnu++0x";
				CLANG_CXX_LIBRARY = "libc++";
				CLANG_ENABLE_MODULES = YES;
				CLANG_ENABLE_OBJC_ARC = YES;
				CLANG_WARN_BLOCK_CAPTURE_AUTORELEASING = YES;
				CLANG_WARN_BOOL_CONVERSION = YES;
				CLANG_WARN_COMMA = YES;
				CLANG_WARN_CONSTANT_CONVERSION = YES;
				CLANG_WARN_DIRECT_OBJC_ISA_USAGE = YES_ERROR;
				CLANG_WARN_DOCUMENTATION_COMMENTS = YES;
				CLANG_WARN_EMPTY_BODY = YES;
				CLANG_WARN_ENUM_CONVERSION = YES;
				CLANG_WARN_INFINITE_RECURSION = YES;
				CLANG_WARN_INT_CONVERSION = YES;
				CLANG_WARN_NON_LITERAL_NULL_CONVERSION = YES;
				CLANG_WARN_OBJC_LITERAL_CONVERSION = YES;
				CLANG_WARN_OBJC_ROOT_CLASS = YES_ERROR;
				CLANG_WARN_RANGE_LOOP_ANALYSIS = YES;
				CLANG_WARN_STRICT_PROTOTYPES = YES;
				CLANG_WARN_SUSPICIOUS_MOVE = YES;
				CLANG_WARN_UNREACHABLE_CODE = YES;
				CLANG_WARN__DUPLICATE_METHOD_MATCH = YES;
				CODE_SIGN_IDENTITY = "-";
				COPY_PHASE_STRIP = NO;
				DEBUG_INFORMATION_FORMAT = "dwarf-with-dsym";
				ENABLE_NS_ASSERTIONS = NO;
				ENABLE_STRICT_OBJC_MSGSEND = YES;
				GCC_C_LANGUAGE_STANDARD = gnu99;
				GCC_NO_COMMON_BLOCKS = YES;
				GCC_WARN_64_TO_32_BIT_CONVERSION = YES;
				GCC_WARN_ABOUT_RETURN_TYPE = YES_ERROR;
				GCC_WARN_UNDECLARED_SELECTOR = YES;
				GCC_WARN_UNINITIALIZED_AUTOS = YES_AGGRESSIVE;
				GCC_WARN_UNUSED_FUNCTION = YES;
				GCC_WARN_UNUSED_VARIABLE = YES;
				MACOSX_DEPLOYMENT_TARGET = 10.12;
				MTL_ENABLE_DEBUG_INFO = NO;
				SDKROOT = macosx;
			};
			name = Release;
		};
		EAF09A621F56C59A006D0B71 /* Debug */ = {
			isa = XCBuildConfiguration;
			buildSettings = {
				CLANG_CXX_LANGUAGE_STANDARD = "c++14";
				ENABLE_TESTABILITY = YES;
				ONLY_ACTIVE_ARCH = YES;
				PRODUCT_NAME = "$(TARGET_NAME)";
			};
			name = Debug;
		};
		EAF09A631F56C59A006D0B71 /* Release */ = {
			isa = XCBuildConfiguration;
			buildSettings = {
				CLANG_CXX_LANGUAGE_STANDARD = "c++14";
				ENABLE_TESTABILITY = NO;
				ONLY_ACTIVE_ARCH = NO;
				PRODUCT_NAME = "$(TARGET_NAME)";
			};
			name = Release;
		};
/* End XCBuildConfiguration section */

/* Begin XCConfigurationList section */
		EAF09A551F56C59A006D0B71 /* Build configuration list for PBXProject "FEProgramming2" */ = {
			isa = XCConfigurationList;
			buildConfigurations = (
				EAF09A5F1F56C59A006D0B71 /* Debug */,
				EAF09A601F56C59A006D0B71 /* Release */,
			);
			defaultConfigurationIsVisible = 0;
			defaultConfigurationName = Release;
		};
		EAF09A611F56C59A006D0B71 /* Build configuration list for PBXNativeTarget "FEProgramming2" */ = {
			isa = XCConfigurationList;
			buildConfigurations = (
				EAF09A621F56C59A006D0B71 /* Debug */,
				EAF09A631F56C59A006D0B71 /* Release */,
			);
			defaultConfigurationIsVisible = 0;
			defaultConfigurationName = Release;
		};
/* End XCConfigurationList section */
	};
	rootObject = EAF09A521F56C59A006D0B71 /* Project object */;
}
