
Microsoft Visual Studio Solution File, Format Version 12.00
# Visual Studio 15
VisualStudioVersion = 15.0.26730.16
MinimumVisualStudioVersion = 10.0.40219.1
Project("{8BC9CEB8-8B4A-11D0-8D11-00A0C91BC942}") = "FEP2_HW1", "FEP2_HW1\FEP2_HW1.vcxproj", "{A98ED0E5-8F6A-42E7-837E-57243D6C8621}"
EndProject
Global
	GlobalSection(SolutionConfigurationPlatforms) = preSolution
		Debug|x64 = Debug|x64
		Debug|x86 = Debug|x86
		Release|x64 = Release|x64
		Release|x86 = Release|x86
	EndGlobalSection
	GlobalSection(ProjectConfigurationPlatforms) = postSolution
		{A98ED0E5-8F6A-42E7-837E-57243D6C8621}.Debug|x64.ActiveCfg = Debug|x64
		{A98ED0E5-8F6A-42E7-837E-57243D6C8621}.Debug|x64.Build.0 = Debug|x64
		{A98ED0E5-8F6A-42E7-837E-57243D6C8621}.Debug|x86.ActiveCfg = Debug|Win32
		{A98ED0E5-8F6A-42E7-837E-57243D6C8621}.Debug|x86.Build.0 = Debug|Win32
		{A98ED0E5-8F6A-42E7-837E-57243D6C8621}.Release|x64.ActiveCfg = Release|x64
		{A98ED0E5-8F6A-42E7-837E-57243D6C8621}.Release|x64.Build.0 = Release|x64
		{A98ED0E5-8F6A-42E7-837E-57243D6C8621}.Release|x86.ActiveCfg = Release|Win32
		{A98ED0E5-8F6A-42E7-837E-57243D6C8621}.Release|x86.Build.0 = Release|Win32
	EndGlobalSection
	GlobalSection(SolutionProperties) = preSolution
		HideSolutionNode = FALSE
	EndGlobalSection
	GlobalSection(ExtensibilityGlobals) = postSolution
		SolutionGuid = {F070EEDB-5D1F-448D-B61B-F27B2549071F}
	EndGlobalSection
EndGlobal
